
Microsoft Visual Studio Solution File, Format Version 12.00
# Visual Studio Version 17
VisualStudioVersion = 17.6.33723.286
MinimumVisualStudioVersion = 10.0.40219.1
Project("{9A19103F-16F7-4668-BE54-9A1E7A4F7556}") = "ConsoleApp2", "Internal App2\ConsoleApp2.csproj", "{53721582-708A-4CF8-8C2A-845C16D22A6B}"
EndProject
Project("{9A19103F-16F7-4668-BE54-9A1E7A4F7556}") = "BusinessModel", "BusinessModel\BusinessModel.csproj", "{2BCEC5B4-4CC4-4B11-9DF9-0E4E12B5E416}"
EndProject
Project("{9A19103F-16F7-4668-BE54-9A1E7A4F7556}") = "BusinessLayer", "BusinessLayer\BusinessLayer.csproj", "{43DA5458-30C6-404A-8628-E3D60A5AA394}"
EndProject
Project("{9A19103F-16F7-4668-BE54-9A1E7A4F7556}") = "DataLayer", "DataLayer\DataLayer.csproj", "{D44F919D-6E10-4BDA-93DE-33694071030C}"
EndProject
Project("{2150E333-8FDC-42A3-9474-1A3956D46DE8}") = "Solution Items", "Solution Items", "{8E9B36D8-9879-4CDB-AE05-331D5E7119D9}"
	ProjectSection(SolutionItems) = preProject
		.editorconfig = .editorconfig
	EndProjectSection
EndProject
Project("{9A19103F-16F7-4668-BE54-9A1E7A4F7556}") = "DataModel", "DataModel\DataModel.csproj", "{29F739EC-58B0-4307-8FE8-0728C3334C93}"
EndProject
Project("{FAE04EC0-301F-11D3-BF4B-00C04F79EFBC}") = "test", "test\test.csproj", "{1ED1EB6F-44DD-437E-A36C-9BF13EDA3EE9}"
EndProject
Global
	GlobalSection(SolutionConfigurationPlatforms) = preSolution
		Debug|Any CPU = Debug|Any CPU
		Release|Any CPU = Release|Any CPU
	EndGlobalSection
	GlobalSection(ProjectConfigurationPlatforms) = postSolution
		{53721582-708A-4CF8-8C2A-845C16D22A6B}.Debug|Any CPU.ActiveCfg = Debug|Any CPU
		{53721582-708A-4CF8-8C2A-845C16D22A6B}.Debug|Any CPU.Build.0 = Debug|Any CPU
		{53721582-708A-4CF8-8C2A-845C16D22A6B}.Release|Any CPU.ActiveCfg = Release|Any CPU
		{53721582-708A-4CF8-8C2A-845C16D22A6B}.Release|Any CPU.Build.0 = Release|Any CPU
		{2BCEC5B4-4CC4-4B11-9DF9-0E4E12B5E416}.Debug|Any CPU.ActiveCfg = Debug|Any CPU
		{2BCEC5B4-4CC4-4B11-9DF9-0E4E12B5E416}.Debug|Any CPU.Build.0 = Debug|Any CPU
		{2BCEC5B4-4CC4-4B11-9DF9-0E4E12B5E416}.Release|Any CPU.ActiveCfg = Release|Any CPU
		{2BCEC5B4-4CC4-4B11-9DF9-0E4E12B5E416}.Release|Any CPU.Build.0 = Release|Any CPU
		{43DA5458-30C6-404A-8628-E3D60A5AA394}.Debug|Any CPU.ActiveCfg = Debug|Any CPU
		{43DA5458-30C6-404A-8628-E3D60A5AA394}.Debug|Any CPU.Build.0 = Debug|Any CPU
		{43DA5458-30C6-404A-8628-E3D60A5AA394}.Release|Any CPU.ActiveCfg = Release|Any CPU
		{43DA5458-30C6-404A-8628-E3D60A5AA394}.Release|Any CPU.Build.0 = Release|Any CPU
		{D44F919D-6E10-4BDA-93DE-33694071030C}.Debug|Any CPU.ActiveCfg = Debug|Any CPU
		{D44F919D-6E10-4BDA-93DE-33694071030C}.Debug|Any CPU.Build.0 = Debug|Any CPU
		{D44F919D-6E10-4BDA-93DE-33694071030C}.Release|Any CPU.ActiveCfg = Release|Any CPU
		{D44F919D-6E10-4BDA-93DE-33694071030C}.Release|Any CPU.Build.0 = Release|Any CPU
		{29F739EC-58B0-4307-8FE8-0728C3334C93}.Debug|Any CPU.ActiveCfg = Debug|Any CPU
		{29F739EC-58B0-4307-8FE8-0728C3334C93}.Debug|Any CPU.Build.0 = Debug|Any CPU
		{29F739EC-58B0-4307-8FE8-0728C3334C93}.Release|Any CPU.ActiveCfg = Release|Any CPU
		{29F739EC-58B0-4307-8FE8-0728C3334C93}.Release|Any CPU.Build.0 = Release|Any CPU
		{1ED1EB6F-44DD-437E-A36C-9BF13EDA3EE9}.Debug|Any CPU.ActiveCfg = Debug|Any CPU
		{1ED1EB6F-44DD-437E-A36C-9BF13EDA3EE9}.Debug|Any CPU.Build.0 = Debug|Any CPU
		{1ED1EB6F-44DD-437E-A36C-9BF13EDA3EE9}.Release|Any CPU.ActiveCfg = Release|Any CPU
		{1ED1EB6F-44DD-437E-A36C-9BF13EDA3EE9}.Release|Any CPU.Build.0 = Release|Any CPU
	EndGlobalSection
	GlobalSection(SolutionProperties) = preSolution
		HideSolutionNode = FALSE
	EndGlobalSection
	GlobalSection(ExtensibilityGlobals) = postSolution
		SolutionGuid = {E5C65E21-F392-4CAE-A0A5-E61EC55B01CE}
	EndGlobalSection
EndGlobal
